
Microsoft Visual Studio Solution File, Format Version 12.00
# Visual Studio Version 17
VisualStudioVersion = 17.8.34330.188
MinimumVisualStudioVersion = 10.0.40219.1
Project("{FAE04EC0-301F-11D3-BF4B-00C04F79EFBC}") = "NeonCapture", "NeonCapture.csproj", "{5DE6E8B1-A65E-4C8E-863A-07D122EC61C5}"
EndProject
Global
	GlobalSection(SolutionConfigurationPlatforms) = preSolution
		Debug|Any CPU = Debug|Any CPU
		Debug|x64 = Debug|x64
		Release|Any CPU = Release|Any CPU
		Release|x64 = Release|x64
	EndGlobalSection
	GlobalSection(ProjectConfigurationPlatforms) = postSolution
		{5DE6E8B1-A65E-4C8E-863A-07D122EC61C5}.Debug|Any CPU.ActiveCfg = Debug|Any CPU
		{5DE6E8B1-A65E-4C8E-863A-07D122EC61C5}.Debug|Any CPU.Build.0 = Debug|Any CPU
		{5DE6E8B1-A65E-4C8E-863A-07D122EC61C5}.Debug|x64.ActiveCfg = Debug|x64
		{5DE6E8B1-A65E-4C8E-863A-07D122EC61C5}.Debug|x64.Build.0 = Debug|x64
		{5DE6E8B1-A65E-4C8E-863A-07D122EC61C5}.Release|Any CPU.ActiveCfg = Release|Any CPU
		{5DE6E8B1-A65E-4C8E-863A-07D122EC61C5}.Release|Any CPU.Build.0 = Release|Any CPU
		{5DE6E8B1-A65E-4C8E-863A-07D122EC61C5}.Release|x64.ActiveCfg = Release|x64
		{5DE6E8B1-A65E-4C8E-863A-07D122EC61C5}.Release|x64.Build.0 = Release|x64
	EndGlobalSection
	GlobalSection(SolutionProperties) = preSolution
		HideSolutionNode = FALSE
	EndGlobalSection
	GlobalSection(ExtensibilityGlobals) = postSolution
		SolutionGuid = {3603A1BA-314A-4F25-95AB-E150A9D217F7}
	EndGlobalSection
EndGlobal
